Microsoft Visual Studio Solution File, Format Version 12.00
# Visual Studio Version 17
VisualStudioVersion = 17.5.2.0
MinimumVisualStudioVersion = 10.0.40219.1
Project("{2150E333-8FDC-42A3-9474-1A3956D46DE8}") = "MVC", "MVC", "{CB69B98E-96E7-C360-5784-DBE29CFD4E36}"
EndProject
Project("{FAE04EC0-301F-11D3-BF4B-00C04F79EFBC}") = "app1", "MVC\app1\app1.csproj", "{A463EB0E-B1E6-C37C-71AB-FA9AFE7E5596}"
EndProject
Global
	GlobalSection(SolutionConfigurationPlatforms) = preSolution
		Debug|Any CPU = Debug|Any CPU
		Release|Any CPU = Release|Any CPU
	EndGlobalSection
	GlobalSection(ProjectConfigurationPlatforms) = postSolution
		{A463EB0E-B1E6-C37C-71AB-FA9AFE7E5596}.Debug|Any CPU.ActiveCfg = Debug|Any CPU
		{A463EB0E-B1E6-C37C-71AB-FA9AFE7E5596}.Debug|Any CPU.Build.0 = Debug|Any CPU
		{A463EB0E-B1E6-C37C-71AB-FA9AFE7E5596}.Release|Any CPU.ActiveCfg = Release|Any CPU
		{A463EB0E-B1E6-C37C-71AB-FA9AFE7E5596}.Release|Any CPU.Build.0 = Release|Any CPU
	EndGlobalSection
	GlobalSection(SolutionProperties) = preSolution
		HideSolutionNode = FALSE
	EndGlobalSection
	GlobalSection(NestedProjects) = preSolution
		{A463EB0E-B1E6-C37C-71AB-FA9AFE7E5596} = {CB69B98E-96E7-C360-5784-DBE29CFD4E36}
	EndGlobalSection
	GlobalSection(ExtensibilityGlobals) = postSolution
		SolutionGuid = {809F207B-E9AF-4F0A-B261-032323816190}
	EndGlobalSection
EndGlobal
